
Microsoft Visual Studio Solution File, Format Version 12.00
# Visual Studio Version 16
VisualStudioVersion = 16.0.29806.167
MinimumVisualStudioVersion = 10.0.40219.1
Project("{9A19103F-16F7-4668-BE54-9A1E7A4F7556}") = "BPMNUtils.Models", "BPMNUtils.Models\BPMNUtils.Models.csproj", "{D1F3EBE0-9765-410A-A5ED-A3D1FBB5940C}"
EndProject
Project("{9A19103F-16F7-4668-BE54-9A1E7A4F7556}") = "BPMNUtils", "BPMNUtils\BPMNUtils.csproj", "{CEEC107D-32E4-437B-BD61-9F84FD466908}"
EndProject
Project("{FAE04EC0-301F-11D3-BF4B-00C04F79EFBC}") = "BPMNUtils.Tests", "BPMNUtils.Tests\BPMNUtils.Tests.csproj", "{39A88A88-BE01-4B56-A1D3-78542946FAF5}"
EndProject
Global
	GlobalSection(SolutionConfigurationPlatforms) = preSolution
		Debug|Any CPU = Debug|Any CPU
		Release|Any CPU = Release|Any CPU
	EndGlobalSection
	GlobalSection(ProjectConfigurationPlatforms) = postSolution
		{D1F3EBE0-9765-410A-A5ED-A3D1FBB5940C}.Debug|Any CPU.ActiveCfg = Debug|Any CPU
		{D1F3EBE0-9765-410A-A5ED-A3D1FBB5940C}.Debug|Any CPU.Build.0 = Debug|Any CPU
		{D1F3EBE0-9765-410A-A5ED-A3D1FBB5940C}.Release|Any CPU.ActiveCfg = Release|Any CPU
		{D1F3EBE0-9765-410A-A5ED-A3D1FBB5940C}.Release|Any CPU.Build.0 = Release|Any CPU
		{CEEC107D-32E4-437B-BD61-9F84FD466908}.Debug|Any CPU.ActiveCfg = Debug|Any CPU
		{CEEC107D-32E4-437B-BD61-9F84FD466908}.Debug|Any CPU.Build.0 = Debug|Any CPU
		{CEEC107D-32E4-437B-BD61-9F84FD466908}.Release|Any CPU.ActiveCfg = Release|Any CPU
		{CEEC107D-32E4-437B-BD61-9F84FD466908}.Release|Any CPU.Build.0 = Release|Any CPU
		{39A88A88-BE01-4B56-A1D3-78542946FAF5}.Debug|Any CPU.ActiveCfg = Debug|Any CPU
		{39A88A88-BE01-4B56-A1D3-78542946FAF5}.Debug|Any CPU.Build.0 = Debug|Any CPU
		{39A88A88-BE01-4B56-A1D3-78542946FAF5}.Release|Any CPU.ActiveCfg = Release|Any CPU
		{39A88A88-BE01-4B56-A1D3-78542946FAF5}.Release|Any CPU.Build.0 = Release|Any CPU
	EndGlobalSection
	GlobalSection(SolutionProperties) = preSolution
		HideSolutionNode = FALSE
	EndGlobalSection
	GlobalSection(ExtensibilityGlobals) = postSolution
		SolutionGuid = {01DACA0C-C1A7-4072-B9F9-665D8BEC7C59}
	EndGlobalSection
EndGlobal
